
Microsoft Visual Studio Solution File, Format Version 12.00
Project("{FAE04EC0-301F-11D3-BF4B-00C04F79EFBC}") = "DomainModel", "DomainModel\DomainModel.csproj", "{02C11860-F697-4ACF-BEEA-12E679D23797}"
EndProject
Project("{FAE04EC0-301F-11D3-BF4B-00C04F79EFBC}") = "BusinessLogic", "BusinessLogic\BusinessLogic.csproj", "{E9A05015-21E9-4D95-B8D9-150DFEC8C969}"
EndProject
Project("{FAE04EC0-301F-11D3-BF4B-00C04F79EFBC}") = "BusinessLogicTests", "BusinessLogicTests\BusinessLogicTests.csproj", "{410F13CB-5256-4CF2-90E9-EAF1D835AD6E}"
EndProject
Project("{FAE04EC0-301F-11D3-BF4B-00C04F79EFBC}") = "DataAccessLayer", "DataAccessLayer\DataAccessLayer.csproj", "{7F5E1290-79E3-45F8-AB6A-A2B74B0D5ACA}"
EndProject
Project("{FAE04EC0-301F-11D3-BF4B-00C04F79EFBC}") = "Api2", "Api2\Api2.csproj", "{C7C7FD50-7B7F-4242-98DC-28CBD0B83EBA}"
EndProject
Global
	GlobalSection(SolutionConfigurationPlatforms) = preSolution
		Debug|Any CPU = Debug|Any CPU
		Release|Any CPU = Release|Any CPU
	EndGlobalSection
	GlobalSection(ProjectConfigurationPlatforms) = postSolution
		{02C11860-F697-4ACF-BEEA-12E679D23797}.Debug|Any CPU.ActiveCfg = Debug|Any CPU
		{02C11860-F697-4ACF-BEEA-12E679D23797}.Debug|Any CPU.Build.0 = Debug|Any CPU
		{02C11860-F697-4ACF-BEEA-12E679D23797}.Release|Any CPU.ActiveCfg = Release|Any CPU
		{02C11860-F697-4ACF-BEEA-12E679D23797}.Release|Any CPU.Build.0 = Release|Any CPU
		{E9A05015-21E9-4D95-B8D9-150DFEC8C969}.Debug|Any CPU.ActiveCfg = Debug|Any CPU
		{E9A05015-21E9-4D95-B8D9-150DFEC8C969}.Debug|Any CPU.Build.0 = Debug|Any CPU
		{E9A05015-21E9-4D95-B8D9-150DFEC8C969}.Release|Any CPU.ActiveCfg = Release|Any CPU
		{E9A05015-21E9-4D95-B8D9-150DFEC8C969}.Release|Any CPU.Build.0 = Release|Any CPU
		{410F13CB-5256-4CF2-90E9-EAF1D835AD6E}.Debug|Any CPU.ActiveCfg = Debug|Any CPU
		{410F13CB-5256-4CF2-90E9-EAF1D835AD6E}.Debug|Any CPU.Build.0 = Debug|Any CPU
		{410F13CB-5256-4CF2-90E9-EAF1D835AD6E}.Release|Any CPU.ActiveCfg = Release|Any CPU
		{410F13CB-5256-4CF2-90E9-EAF1D835AD6E}.Release|Any CPU.Build.0 = Release|Any CPU
		{7F5E1290-79E3-45F8-AB6A-A2B74B0D5ACA}.Debug|Any CPU.ActiveCfg = Debug|Any CPU
		{7F5E1290-79E3-45F8-AB6A-A2B74B0D5ACA}.Debug|Any CPU.Build.0 = Debug|Any CPU
		{7F5E1290-79E3-45F8-AB6A-A2B74B0D5ACA}.Release|Any CPU.ActiveCfg = Release|Any CPU
		{7F5E1290-79E3-45F8-AB6A-A2B74B0D5ACA}.Release|Any CPU.Build.0 = Release|Any CPU
		{C7C7FD50-7B7F-4242-98DC-28CBD0B83EBA}.Debug|Any CPU.ActiveCfg = Debug|Any CPU
		{C7C7FD50-7B7F-4242-98DC-28CBD0B83EBA}.Debug|Any CPU.Build.0 = Debug|Any CPU
		{C7C7FD50-7B7F-4242-98DC-28CBD0B83EBA}.Release|Any CPU.ActiveCfg = Release|Any CPU
		{C7C7FD50-7B7F-4242-98DC-28CBD0B83EBA}.Release|Any CPU.Build.0 = Release|Any CPU
	EndGlobalSection
EndGlobal
